
Microsoft Visual Studio Solution File, Format Version 11.00
# Visual Studio 2010
Project("{FAE04EC0-301F-11D3-BF4B-00C04F79EFBC}") = "vplan", "vplan\vplan.csproj", "{DA614ABD-218D-4A8A-98E0-6CC8977AAD48}"
EndProject
Global
	GlobalSection(SolutionConfigurationPlatforms) = preSolution
		Debug|iPhoneSimulator = Debug|iPhoneSimulator
		Release|iPhoneSimulator = Release|iPhoneSimulator
		Debug|iPhone = Debug|iPhone
		Release|iPhone = Release|iPhone
		Ad-Hoc|iPhone = Ad-Hoc|iPhone
		AppStore|iPhone = AppStore|iPhone
	EndGlobalSection
	GlobalSection(ProjectConfigurationPlatforms) = postSolution
		{DA614ABD-218D-4A8A-98E0-6CC8977AAD48}.Ad-Hoc|iPhone.ActiveCfg = Ad-Hoc|iPhone
		{DA614ABD-218D-4A8A-98E0-6CC8977AAD48}.Ad-Hoc|iPhone.Build.0 = Ad-Hoc|iPhone
		{DA614ABD-218D-4A8A-98E0-6CC8977AAD48}.AppStore|iPhone.ActiveCfg = AppStore|iPhone
		{DA614ABD-218D-4A8A-98E0-6CC8977AAD48}.AppStore|iPhone.Build.0 = AppStore|iPhone
		{DA614ABD-218D-4A8A-98E0-6CC8977AAD48}.Debug|iPhone.ActiveCfg = Debug|iPhone
		{DA614ABD-218D-4A8A-98E0-6CC8977AAD48}.Debug|iPhone.Build.0 = Debug|iPhone
		{DA614ABD-218D-4A8A-98E0-6CC8977AAD48}.Debug|iPhoneSimulator.ActiveCfg = Debug|iPhoneSimulator
		{DA614ABD-218D-4A8A-98E0-6CC8977AAD48}.Debug|iPhoneSimulator.Build.0 = Debug|iPhoneSimulator
		{DA614ABD-218D-4A8A-98E0-6CC8977AAD48}.Release|iPhone.ActiveCfg = Release|iPhone
		{DA614ABD-218D-4A8A-98E0-6CC8977AAD48}.Release|iPhone.Build.0 = Release|iPhone
		{DA614ABD-218D-4A8A-98E0-6CC8977AAD48}.Release|iPhoneSimulator.ActiveCfg = Release|iPhoneSimulator
		{DA614ABD-218D-4A8A-98E0-6CC8977AAD48}.Release|iPhoneSimulator.Build.0 = Release|iPhoneSimulator
	EndGlobalSection
	GlobalSection(MonoDevelopProperties) = preSolution
		StartupItem = vplan\vplan.csproj
	EndGlobalSection
EndGlobal
